
Microsoft Visual Studio Solution File, Format Version 12.00
# Visual Studio 14
VisualStudioVersion = 14.0.25420.1
MinimumVisualStudioVersion = 10.0.40219.1
Project("{FAE04EC0-301F-11D3-BF4B-00C04F79EFBC}") = "Chess", "Chess\Chess.csproj", "{A487EA02-D64D-4B5D-AD42-28A5FF4099C4}"
EndProject
Project("{FAE04EC0-301F-11D3-BF4B-00C04F79EFBC}") = "Unittests", "RochadeTest\Unittests.csproj", "{36F391DC-C637-4ABF-96CE-C4662C0A56EE}"
EndProject
Global
	GlobalSection(SolutionConfigurationPlatforms) = preSolution
		Debug|Any CPU = Debug|Any CPU
		Release|Any CPU = Release|Any CPU
	EndGlobalSection
	GlobalSection(ProjectConfigurationPlatforms) = postSolution
		{A487EA02-D64D-4B5D-AD42-28A5FF4099C4}.Debug|Any CPU.ActiveCfg = Debug|Any CPU
		{A487EA02-D64D-4B5D-AD42-28A5FF4099C4}.Debug|Any CPU.Build.0 = Debug|Any CPU
		{A487EA02-D64D-4B5D-AD42-28A5FF4099C4}.Release|Any CPU.ActiveCfg = Release|Any CPU
		{A487EA02-D64D-4B5D-AD42-28A5FF4099C4}.Release|Any CPU.Build.0 = Release|Any CPU
		{36F391DC-C637-4ABF-96CE-C4662C0A56EE}.Debug|Any CPU.ActiveCfg = Debug|Any CPU
		{36F391DC-C637-4ABF-96CE-C4662C0A56EE}.Debug|Any CPU.Build.0 = Debug|Any CPU
		{36F391DC-C637-4ABF-96CE-C4662C0A56EE}.Release|Any CPU.ActiveCfg = Release|Any CPU
		{36F391DC-C637-4ABF-96CE-C4662C0A56EE}.Release|Any CPU.Build.0 = Release|Any CPU
	EndGlobalSection
	GlobalSection(SolutionProperties) = preSolution
		HideSolutionNode = FALSE
	EndGlobalSection
EndGlobal
